
Microsoft Visual Studio Solution File, Format Version 12.00
Project("{2150E333-8FDC-42A3-9474-1A3956D46DE8}") = "src", "src", "{940361AC-2167-4D30-A4F6-9A543C608196}"
EndProject
Project("{2150E333-8FDC-42A3-9474-1A3956D46DE8}") = "test", "test", "{7CD2B508-C765-4720-B430-94E79135797A}"
EndProject
Project("{2150E333-8FDC-42A3-9474-1A3956D46DE8}") = "examples", "examples", "{5D1BDC45-D6F1-4359-868B-CB85CEC4ABD8}"
EndProject
Project("{FAE04EC0-301F-11D3-BF4B-00C04F79EFBC}") = "AElf.Client", "src\AElf.Client\AElf.Client.csproj", "{1AE7844D-B4D9-4F5A-9D25-7E551B61138E}"
EndProject
Project("{FAE04EC0-301F-11D3-BF4B-00C04F79EFBC}") = "AElf.Client.Protobuf", "src\AElf.Client.Protobuf\AElf.Client.Protobuf.csproj", "{E7DF7523-2FB5-45B3-9EAA-9B759FDDC2EB}"
EndProject
Project("{FAE04EC0-301F-11D3-BF4B-00C04F79EFBC}") = "AEDPoSViewer", "examples\AEDPoSViewer\AEDPoSViewer.csproj", "{BE0E29FA-A9C6-4E03-9E0C-297CCF7C5729}"
EndProject
Project("{FAE04EC0-301F-11D3-BF4B-00C04F79EFBC}") = "AElf.Client.Test", "test\AElf.Client.Test\AElf.Client.Test.csproj", "{4D019C99-8B1C-42B0-8630-F1E3661F414B}"
EndProject
Project("{FAE04EC0-301F-11D3-BF4B-00C04F79EFBC}") = "AElf.Client.Core", "src\AElf.Client.Core\AElf.Client.Core.csproj", "{BBE11EF4-5CD6-4918-8E6C-74BF61C1A87F}"
EndProject
Project("{FAE04EC0-301F-11D3-BF4B-00C04F79EFBC}") = "AElf.Client.TestBase", "test\AElf.Client.TestBase\AElf.Client.TestBase.csproj", "{D542FBDB-DFE1-46C2-8C4E-9A5643F3C401}"
EndProject
Project("{FAE04EC0-301F-11D3-BF4B-00C04F79EFBC}") = "AElf.Client.Genesis", "examples\AElf.Client.Genesis\AElf.Client.Genesis.csproj", "{A6F6AF4C-A783-4EC3-A03F-F1576020BC49}"
EndProject
Project("{FAE04EC0-301F-11D3-BF4B-00C04F79EFBC}") = "AElf.Client.Consensus.AEDPoS", "examples\AElf.Client.Consensus.AEDPoS\AElf.Client.Consensus.AEDPoS.csproj", "{46531278-7E47-4D6F-AD45-A6870E624105}"
EndProject
Project("{FAE04EC0-301F-11D3-BF4B-00C04F79EFBC}") = "AElf.Client.Parliament", "examples\AElf.Client.Parliament\AElf.Client.Parliament.csproj", "{12B17C25-1A00-4BB7-9911-9AC06988C261}"
EndProject
Project("{FAE04EC0-301F-11D3-BF4B-00C04F79EFBC}") = "AElf.Client.Token", "examples\AElf.Client.Token\AElf.Client.Token.csproj", "{0FD6224B-4C4B-49C3-BC25-5C0B1FDBB077}"
EndProject
Project("{FAE04EC0-301F-11D3-BF4B-00C04F79EFBC}") = "AElf.Client.CrossChain", "examples\AElf.Client.CrossChain\AElf.Client.CrossChain.csproj", "{0657BEEB-97B1-4250-9252-6685A99B5D10}"
EndProject
Global
	GlobalSection(SolutionConfigurationPlatforms) = preSolution
		Debug|Any CPU = Debug|Any CPU
		Release|Any CPU = Release|Any CPU
	EndGlobalSection
	GlobalSection(NestedProjects) = preSolution
		{1AE7844D-B4D9-4F5A-9D25-7E551B61138E} = {940361AC-2167-4D30-A4F6-9A543C608196}
		{E7DF7523-2FB5-45B3-9EAA-9B759FDDC2EB} = {940361AC-2167-4D30-A4F6-9A543C608196}
		{BE0E29FA-A9C6-4E03-9E0C-297CCF7C5729} = {5D1BDC45-D6F1-4359-868B-CB85CEC4ABD8}
		{4D019C99-8B1C-42B0-8630-F1E3661F414B} = {7CD2B508-C765-4720-B430-94E79135797A}
		{BBE11EF4-5CD6-4918-8E6C-74BF61C1A87F} = {940361AC-2167-4D30-A4F6-9A543C608196}
		{D542FBDB-DFE1-46C2-8C4E-9A5643F3C401} = {7CD2B508-C765-4720-B430-94E79135797A}
		{A6F6AF4C-A783-4EC3-A03F-F1576020BC49} = {5D1BDC45-D6F1-4359-868B-CB85CEC4ABD8}
		{46531278-7E47-4D6F-AD45-A6870E624105} = {5D1BDC45-D6F1-4359-868B-CB85CEC4ABD8}
		{12B17C25-1A00-4BB7-9911-9AC06988C261} = {5D1BDC45-D6F1-4359-868B-CB85CEC4ABD8}
		{0FD6224B-4C4B-49C3-BC25-5C0B1FDBB077} = {5D1BDC45-D6F1-4359-868B-CB85CEC4ABD8}
		{0657BEEB-97B1-4250-9252-6685A99B5D10} = {5D1BDC45-D6F1-4359-868B-CB85CEC4ABD8}
	EndGlobalSection
	GlobalSection(ProjectConfigurationPlatforms) = postSolution
		{1AE7844D-B4D9-4F5A-9D25-7E551B61138E}.Debug|Any CPU.ActiveCfg = Debug|Any CPU
		{1AE7844D-B4D9-4F5A-9D25-7E551B61138E}.Debug|Any CPU.Build.0 = Debug|Any CPU
		{1AE7844D-B4D9-4F5A-9D25-7E551B61138E}.Release|Any CPU.ActiveCfg = Release|Any CPU
		{1AE7844D-B4D9-4F5A-9D25-7E551B61138E}.Release|Any CPU.Build.0 = Release|Any CPU
		{E7DF7523-2FB5-45B3-9EAA-9B759FDDC2EB}.Debug|Any CPU.ActiveCfg = Debug|Any CPU
		{E7DF7523-2FB5-45B3-9EAA-9B759FDDC2EB}.Debug|Any CPU.Build.0 = Debug|Any CPU
		{E7DF7523-2FB5-45B3-9EAA-9B759FDDC2EB}.Release|Any CPU.ActiveCfg = Release|Any CPU
		{E7DF7523-2FB5-45B3-9EAA-9B759FDDC2EB}.Release|Any CPU.Build.0 = Release|Any CPU
		{BE0E29FA-A9C6-4E03-9E0C-297CCF7C5729}.Debug|Any CPU.ActiveCfg = Debug|Any CPU
		{BE0E29FA-A9C6-4E03-9E0C-297CCF7C5729}.Debug|Any CPU.Build.0 = Debug|Any CPU
		{BE0E29FA-A9C6-4E03-9E0C-297CCF7C5729}.Release|Any CPU.ActiveCfg = Release|Any CPU
		{BE0E29FA-A9C6-4E03-9E0C-297CCF7C5729}.Release|Any CPU.Build.0 = Release|Any CPU
		{4D019C99-8B1C-42B0-8630-F1E3661F414B}.Debug|Any CPU.ActiveCfg = Debug|Any CPU
		{4D019C99-8B1C-42B0-8630-F1E3661F414B}.Debug|Any CPU.Build.0 = Debug|Any CPU
		{4D019C99-8B1C-42B0-8630-F1E3661F414B}.Release|Any CPU.ActiveCfg = Release|Any CPU
		{4D019C99-8B1C-42B0-8630-F1E3661F414B}.Release|Any CPU.Build.0 = Release|Any CPU
		{BBE11EF4-5CD6-4918-8E6C-74BF61C1A87F}.Debug|Any CPU.ActiveCfg = Debug|Any CPU
		{BBE11EF4-5CD6-4918-8E6C-74BF61C1A87F}.Debug|Any CPU.Build.0 = Debug|Any CPU
		{BBE11EF4-5CD6-4918-8E6C-74BF61C1A87F}.Release|Any CPU.ActiveCfg = Release|Any CPU
		{BBE11EF4-5CD6-4918-8E6C-74BF61C1A87F}.Release|Any CPU.Build.0 = Release|Any CPU
		{D542FBDB-DFE1-46C2-8C4E-9A5643F3C401}.Debug|Any CPU.ActiveCfg = Debug|Any CPU
		{D542FBDB-DFE1-46C2-8C4E-9A5643F3C401}.Debug|Any CPU.Build.0 = Debug|Any CPU
		{D542FBDB-DFE1-46C2-8C4E-9A5643F3C401}.Release|Any CPU.ActiveCfg = Release|Any CPU
		{D542FBDB-DFE1-46C2-8C4E-9A5643F3C401}.Release|Any CPU.Build.0 = Release|Any CPU
		{A6F6AF4C-A783-4EC3-A03F-F1576020BC49}.Debug|Any CPU.ActiveCfg = Debug|Any CPU
		{A6F6AF4C-A783-4EC3-A03F-F1576020BC49}.Debug|Any CPU.Build.0 = Debug|Any CPU
		{A6F6AF4C-A783-4EC3-A03F-F1576020BC49}.Release|Any CPU.ActiveCfg = Release|Any CPU
		{A6F6AF4C-A783-4EC3-A03F-F1576020BC49}.Release|Any CPU.Build.0 = Release|Any CPU
		{46531278-7E47-4D6F-AD45-A6870E624105}.Debug|Any CPU.ActiveCfg = Debug|Any CPU
		{46531278-7E47-4D6F-AD45-A6870E624105}.Debug|Any CPU.Build.0 = Debug|Any CPU
		{46531278-7E47-4D6F-AD45-A6870E624105}.Release|Any CPU.ActiveCfg = Release|Any CPU
		{46531278-7E47-4D6F-AD45-A6870E624105}.Release|Any CPU.Build.0 = Release|Any CPU
		{12B17C25-1A00-4BB7-9911-9AC06988C261}.Debug|Any CPU.ActiveCfg = Debug|Any CPU
		{12B17C25-1A00-4BB7-9911-9AC06988C261}.Debug|Any CPU.Build.0 = Debug|Any CPU
		{12B17C25-1A00-4BB7-9911-9AC06988C261}.Release|Any CPU.ActiveCfg = Release|Any CPU
		{12B17C25-1A00-4BB7-9911-9AC06988C261}.Release|Any CPU.Build.0 = Release|Any CPU
		{0FD6224B-4C4B-49C3-BC25-5C0B1FDBB077}.Debug|Any CPU.ActiveCfg = Debug|Any CPU
		{0FD6224B-4C4B-49C3-BC25-5C0B1FDBB077}.Debug|Any CPU.Build.0 = Debug|Any CPU
		{0FD6224B-4C4B-49C3-BC25-5C0B1FDBB077}.Release|Any CPU.ActiveCfg = Release|Any CPU
		{0FD6224B-4C4B-49C3-BC25-5C0B1FDBB077}.Release|Any CPU.Build.0 = Release|Any CPU
		{0657BEEB-97B1-4250-9252-6685A99B5D10}.Debug|Any CPU.ActiveCfg = Debug|Any CPU
		{0657BEEB-97B1-4250-9252-6685A99B5D10}.Debug|Any CPU.Build.0 = Debug|Any CPU
		{0657BEEB-97B1-4250-9252-6685A99B5D10}.Release|Any CPU.ActiveCfg = Release|Any CPU
		{0657BEEB-97B1-4250-9252-6685A99B5D10}.Release|Any CPU.Build.0 = Release|Any CPU
	EndGlobalSection
EndGlobal
