
Microsoft Visual Studio Solution File, Format Version 12.00
Project("{2150E333-8FDC-42A3-9474-1A3956D46DE8}") = "src", "src", "{940361AC-2167-4D30-A4F6-9A543C608196}"
EndProject
Project("{2150E333-8FDC-42A3-9474-1A3956D46DE8}") = "test", "test", "{7CD2B508-C765-4720-B430-94E79135797A}"
EndProject
Project("{2150E333-8FDC-42A3-9474-1A3956D46DE8}") = "examples", "examples", "{5D1BDC45-D6F1-4359-868B-CB85CEC4ABD8}"
EndProject
Project("{FAE04EC0-301F-11D3-BF4B-00C04F79EFBC}") = "AElf.Client", "src\AElf.Client\AElf.Client.csproj", "{1AE7844D-B4D9-4F5A-9D25-7E551B61138E}"
EndProject
Project("{FAE04EC0-301F-11D3-BF4B-00C04F79EFBC}") = "AElf.Client.Protobuf", "src\AElf.Client.Protobuf\AElf.Client.Protobuf.csproj", "{E7DF7523-2FB5-45B3-9EAA-9B759FDDC2EB}"
EndProject
Project("{FAE04EC0-301F-11D3-BF4B-00C04F79EFBC}") = "TokenManager", "examples\TokenManager\TokenManager.csproj", "{CA0B4594-2549-4DB1-9079-EA5FD739C6B6}"
EndProject
Project("{FAE04EC0-301F-11D3-BF4B-00C04F79EFBC}") = "ElectionViewer", "examples\ElectionViewer\ElectionViewer.csproj", "{E678AABE-AF7B-45F4-B931-CF0D77C5AECA}"
EndProject
Project("{FAE04EC0-301F-11D3-BF4B-00C04F79EFBC}") = "AEDPoSViewer", "examples\AEDPoSViewer\AEDPoSViewer.csproj", "{BE0E29FA-A9C6-4E03-9E0C-297CCF7C5729}"
EndProject
Project("{FAE04EC0-301F-11D3-BF4B-00C04F79EFBC}") = "AElf.Client.Test", "test\AElf.Client.Test\AElf.Client.Test.csproj", "{4D019C99-8B1C-42B0-8630-F1E3661F414B}"
EndProject
Project("{FAE04EC0-301F-11D3-BF4B-00C04F79EFBC}") = "AElf.Client.Core", "src\AElf.Client.Core\AElf.Client.Core.csproj", "{BBE11EF4-5CD6-4918-8E6C-74BF61C1A87F}"
EndProject
Project("{FAE04EC0-301F-11D3-BF4B-00C04F79EFBC}") = "AElf.Client.Token", "src\AElf.Client.Token\AElf.Client.Token.csproj", "{4E127996-AE35-4DCC-B4C0-057CB5B22A0E}"
EndProject
Project("{FAE04EC0-301F-11D3-BF4B-00C04F79EFBC}") = "AElf.Client.Election", "src\AElf.Client.Election\AElf.Client.Election.csproj", "{D27E0203-23E4-4B81-A3FC-EE5034FA631E}"
EndProject
Project("{FAE04EC0-301F-11D3-BF4B-00C04F79EFBC}") = "AElf.Client.Vote", "src\AElf.Client.Vote\AElf.Client.Vote.csproj", "{B76DF7DD-1A8A-4876-A450-5669C9B31750}"
EndProject
Project("{FAE04EC0-301F-11D3-BF4B-00C04F79EFBC}") = "AElf.Client.Profit", "src\AElf.Client.Profit\AElf.Client.Profit.csproj", "{BD004F96-0173-489C-BA20-6C21A7F9C538}"
EndProject
Project("{FAE04EC0-301F-11D3-BF4B-00C04F79EFBC}") = "AElf.Client.Association", "src\AElf.Client.Association\AElf.Client.Association.csproj", "{7B40B739-18F8-4A40-A8EF-BA2758199092}"
EndProject
Project("{FAE04EC0-301F-11D3-BF4B-00C04F79EFBC}") = "AElf.Client.Configuration", "src\AElf.Client.Configuration\AElf.Client.Configuration.csproj", "{E467E8FB-933C-4E2C-BC75-490B852464A8}"
EndProject
Project("{FAE04EC0-301F-11D3-BF4B-00C04F79EFBC}") = "AElf.Client.Consensus.AEDPoS", "src\AElf.Client.Consensus.AEDPoS\AElf.Client.Consensus.AEDPoS.csproj", "{84E06902-1D71-4F8F-9071-49CAFF3B8A05}"
EndProject
Project("{FAE04EC0-301F-11D3-BF4B-00C04F79EFBC}") = "AElf.Client.CrossChain", "src\AElf.Client.CrossChain\AElf.Client.CrossChain.csproj", "{6D6FE332-73A4-4F40-BE96-E720A6B83201}"
EndProject
Project("{FAE04EC0-301F-11D3-BF4B-00C04F79EFBC}") = "AElf.Client.Genesis", "src\AElf.Client.Genesis\AElf.Client.Genesis.csproj", "{12506F28-C416-4377-B23D-301CE0AA2E8C}"
EndProject
Project("{FAE04EC0-301F-11D3-BF4B-00C04F79EFBC}") = "AElf.Client.Parliament", "src\AElf.Client.Parliament\AElf.Client.Parliament.csproj", "{8FE45FDB-47DC-48A8-ADA6-411A30FEF7BF}"
EndProject
Project("{FAE04EC0-301F-11D3-BF4B-00C04F79EFBC}") = "AElf.Client.Referendum", "src\AElf.Client.Referendum\AElf.Client.Referendum.csproj", "{899F17C1-2FB6-418E-A9BD-5613C563365E}"
EndProject
Project("{FAE04EC0-301F-11D3-BF4B-00C04F79EFBC}") = "AElf.Client.TokenHolder", "src\AElf.Client.TokenHolder\AElf.Client.TokenHolder.csproj", "{7E6BBE19-D51D-4393-9BE9-1C4E5139CB74}"
EndProject
Project("{FAE04EC0-301F-11D3-BF4B-00C04F79EFBC}") = "AElf.Client.TokenConverter", "src\AElf.Client.TokenConverter\AElf.Client.TokenConverter.csproj", "{B3EE451C-200D-4CC0-AEFA-1553892C825F}"
EndProject
Project("{FAE04EC0-301F-11D3-BF4B-00C04F79EFBC}") = "AElf.Client.Whitelist", "src\AElf.Client.Whitelist\AElf.Client.Whitelist.csproj", "{478E52D9-1BA5-4852-B1CC-79D5B8382D87}"
EndProject
Project("{FAE04EC0-301F-11D3-BF4B-00C04F79EFBC}") = "AElf.Client.Oracle", "src\AElf.Client.Oracle\AElf.Client.Oracle.csproj", "{D1C08C5C-9F59-41A9-9A7B-788377BC2B92}"
EndProject
Project("{FAE04EC0-301F-11D3-BF4B-00C04F79EFBC}") = "AElf.Client.Bridge", "src\AElf.Client.Bridge\AElf.Client.Bridge.csproj", "{4F9DFAC2-3F9D-4A89-94D8-5469DAD84610}"
EndProject
Project("{FAE04EC0-301F-11D3-BF4B-00C04F79EFBC}") = "AElf.Client.Regiment", "src\AElf.Client.Regiment\AElf.Client.Regiment.csproj", "{F520E0B9-9EF7-4528-93FA-C182E8423F51}"
EndProject
Project("{FAE04EC0-301F-11D3-BF4B-00C04F79EFBC}") = "CrossChainManager", "examples\CrossChainManager\CrossChainManager.csproj", "{1BC40A93-079B-48C4-B116-62C6B50C2FFC}"
EndProject
Project("{FAE04EC0-301F-11D3-BF4B-00C04F79EFBC}") = "AElf.Client.TestBase", "test\AElf.Client.TestBase\AElf.Client.TestBase.csproj", "{D542FBDB-DFE1-46C2-8C4E-9A5643F3C401}"
EndProject
Global
	GlobalSection(SolutionConfigurationPlatforms) = preSolution
		Debug|Any CPU = Debug|Any CPU
		Release|Any CPU = Release|Any CPU
	EndGlobalSection
	GlobalSection(NestedProjects) = preSolution
		{1AE7844D-B4D9-4F5A-9D25-7E551B61138E} = {940361AC-2167-4D30-A4F6-9A543C608196}
		{E7DF7523-2FB5-45B3-9EAA-9B759FDDC2EB} = {940361AC-2167-4D30-A4F6-9A543C608196}
		{CA0B4594-2549-4DB1-9079-EA5FD739C6B6} = {5D1BDC45-D6F1-4359-868B-CB85CEC4ABD8}
		{E678AABE-AF7B-45F4-B931-CF0D77C5AECA} = {5D1BDC45-D6F1-4359-868B-CB85CEC4ABD8}
		{BE0E29FA-A9C6-4E03-9E0C-297CCF7C5729} = {5D1BDC45-D6F1-4359-868B-CB85CEC4ABD8}
		{4D019C99-8B1C-42B0-8630-F1E3661F414B} = {7CD2B508-C765-4720-B430-94E79135797A}
		{BBE11EF4-5CD6-4918-8E6C-74BF61C1A87F} = {940361AC-2167-4D30-A4F6-9A543C608196}
		{4E127996-AE35-4DCC-B4C0-057CB5B22A0E} = {940361AC-2167-4D30-A4F6-9A543C608196}
		{D27E0203-23E4-4B81-A3FC-EE5034FA631E} = {940361AC-2167-4D30-A4F6-9A543C608196}
		{B76DF7DD-1A8A-4876-A450-5669C9B31750} = {940361AC-2167-4D30-A4F6-9A543C608196}
		{BD004F96-0173-489C-BA20-6C21A7F9C538} = {940361AC-2167-4D30-A4F6-9A543C608196}
		{7B40B739-18F8-4A40-A8EF-BA2758199092} = {940361AC-2167-4D30-A4F6-9A543C608196}
		{E467E8FB-933C-4E2C-BC75-490B852464A8} = {940361AC-2167-4D30-A4F6-9A543C608196}
		{84E06902-1D71-4F8F-9071-49CAFF3B8A05} = {940361AC-2167-4D30-A4F6-9A543C608196}
		{6D6FE332-73A4-4F40-BE96-E720A6B83201} = {940361AC-2167-4D30-A4F6-9A543C608196}
		{12506F28-C416-4377-B23D-301CE0AA2E8C} = {940361AC-2167-4D30-A4F6-9A543C608196}
		{8FE45FDB-47DC-48A8-ADA6-411A30FEF7BF} = {940361AC-2167-4D30-A4F6-9A543C608196}
		{899F17C1-2FB6-418E-A9BD-5613C563365E} = {940361AC-2167-4D30-A4F6-9A543C608196}
		{7E6BBE19-D51D-4393-9BE9-1C4E5139CB74} = {940361AC-2167-4D30-A4F6-9A543C608196}
		{B3EE451C-200D-4CC0-AEFA-1553892C825F} = {940361AC-2167-4D30-A4F6-9A543C608196}
		{478E52D9-1BA5-4852-B1CC-79D5B8382D87} = {940361AC-2167-4D30-A4F6-9A543C608196}
		{D1C08C5C-9F59-41A9-9A7B-788377BC2B92} = {940361AC-2167-4D30-A4F6-9A543C608196}
		{4F9DFAC2-3F9D-4A89-94D8-5469DAD84610} = {940361AC-2167-4D30-A4F6-9A543C608196}
		{F520E0B9-9EF7-4528-93FA-C182E8423F51} = {940361AC-2167-4D30-A4F6-9A543C608196}
		{1BC40A93-079B-48C4-B116-62C6B50C2FFC} = {5D1BDC45-D6F1-4359-868B-CB85CEC4ABD8}
		{D542FBDB-DFE1-46C2-8C4E-9A5643F3C401} = {7CD2B508-C765-4720-B430-94E79135797A}
	EndGlobalSection
	GlobalSection(ProjectConfigurationPlatforms) = postSolution
		{1AE7844D-B4D9-4F5A-9D25-7E551B61138E}.Debug|Any CPU.ActiveCfg = Debug|Any CPU
		{1AE7844D-B4D9-4F5A-9D25-7E551B61138E}.Debug|Any CPU.Build.0 = Debug|Any CPU
		{1AE7844D-B4D9-4F5A-9D25-7E551B61138E}.Release|Any CPU.ActiveCfg = Release|Any CPU
		{1AE7844D-B4D9-4F5A-9D25-7E551B61138E}.Release|Any CPU.Build.0 = Release|Any CPU
		{E7DF7523-2FB5-45B3-9EAA-9B759FDDC2EB}.Debug|Any CPU.ActiveCfg = Debug|Any CPU
		{E7DF7523-2FB5-45B3-9EAA-9B759FDDC2EB}.Debug|Any CPU.Build.0 = Debug|Any CPU
		{E7DF7523-2FB5-45B3-9EAA-9B759FDDC2EB}.Release|Any CPU.ActiveCfg = Release|Any CPU
		{E7DF7523-2FB5-45B3-9EAA-9B759FDDC2EB}.Release|Any CPU.Build.0 = Release|Any CPU
		{CA0B4594-2549-4DB1-9079-EA5FD739C6B6}.Debug|Any CPU.ActiveCfg = Debug|Any CPU
		{CA0B4594-2549-4DB1-9079-EA5FD739C6B6}.Debug|Any CPU.Build.0 = Debug|Any CPU
		{CA0B4594-2549-4DB1-9079-EA5FD739C6B6}.Release|Any CPU.ActiveCfg = Release|Any CPU
		{CA0B4594-2549-4DB1-9079-EA5FD739C6B6}.Release|Any CPU.Build.0 = Release|Any CPU
		{E678AABE-AF7B-45F4-B931-CF0D77C5AECA}.Debug|Any CPU.ActiveCfg = Debug|Any CPU
		{E678AABE-AF7B-45F4-B931-CF0D77C5AECA}.Debug|Any CPU.Build.0 = Debug|Any CPU
		{E678AABE-AF7B-45F4-B931-CF0D77C5AECA}.Release|Any CPU.ActiveCfg = Release|Any CPU
		{E678AABE-AF7B-45F4-B931-CF0D77C5AECA}.Release|Any CPU.Build.0 = Release|Any CPU
		{BE0E29FA-A9C6-4E03-9E0C-297CCF7C5729}.Debug|Any CPU.ActiveCfg = Debug|Any CPU
		{BE0E29FA-A9C6-4E03-9E0C-297CCF7C5729}.Debug|Any CPU.Build.0 = Debug|Any CPU
		{BE0E29FA-A9C6-4E03-9E0C-297CCF7C5729}.Release|Any CPU.ActiveCfg = Release|Any CPU
		{BE0E29FA-A9C6-4E03-9E0C-297CCF7C5729}.Release|Any CPU.Build.0 = Release|Any CPU
		{4D019C99-8B1C-42B0-8630-F1E3661F414B}.Debug|Any CPU.ActiveCfg = Debug|Any CPU
		{4D019C99-8B1C-42B0-8630-F1E3661F414B}.Debug|Any CPU.Build.0 = Debug|Any CPU
		{4D019C99-8B1C-42B0-8630-F1E3661F414B}.Release|Any CPU.ActiveCfg = Release|Any CPU
		{4D019C99-8B1C-42B0-8630-F1E3661F414B}.Release|Any CPU.Build.0 = Release|Any CPU
		{BBE11EF4-5CD6-4918-8E6C-74BF61C1A87F}.Debug|Any CPU.ActiveCfg = Debug|Any CPU
		{BBE11EF4-5CD6-4918-8E6C-74BF61C1A87F}.Debug|Any CPU.Build.0 = Debug|Any CPU
		{BBE11EF4-5CD6-4918-8E6C-74BF61C1A87F}.Release|Any CPU.ActiveCfg = Release|Any CPU
		{BBE11EF4-5CD6-4918-8E6C-74BF61C1A87F}.Release|Any CPU.Build.0 = Release|Any CPU
		{4E127996-AE35-4DCC-B4C0-057CB5B22A0E}.Debug|Any CPU.ActiveCfg = Debug|Any CPU
		{4E127996-AE35-4DCC-B4C0-057CB5B22A0E}.Debug|Any CPU.Build.0 = Debug|Any CPU
		{4E127996-AE35-4DCC-B4C0-057CB5B22A0E}.Release|Any CPU.ActiveCfg = Release|Any CPU
		{4E127996-AE35-4DCC-B4C0-057CB5B22A0E}.Release|Any CPU.Build.0 = Release|Any CPU
		{D27E0203-23E4-4B81-A3FC-EE5034FA631E}.Debug|Any CPU.ActiveCfg = Debug|Any CPU
		{D27E0203-23E4-4B81-A3FC-EE5034FA631E}.Debug|Any CPU.Build.0 = Debug|Any CPU
		{D27E0203-23E4-4B81-A3FC-EE5034FA631E}.Release|Any CPU.ActiveCfg = Release|Any CPU
		{D27E0203-23E4-4B81-A3FC-EE5034FA631E}.Release|Any CPU.Build.0 = Release|Any CPU
		{B76DF7DD-1A8A-4876-A450-5669C9B31750}.Debug|Any CPU.ActiveCfg = Debug|Any CPU
		{B76DF7DD-1A8A-4876-A450-5669C9B31750}.Debug|Any CPU.Build.0 = Debug|Any CPU
		{B76DF7DD-1A8A-4876-A450-5669C9B31750}.Release|Any CPU.ActiveCfg = Release|Any CPU
		{B76DF7DD-1A8A-4876-A450-5669C9B31750}.Release|Any CPU.Build.0 = Release|Any CPU
		{BD004F96-0173-489C-BA20-6C21A7F9C538}.Debug|Any CPU.ActiveCfg = Debug|Any CPU
		{BD004F96-0173-489C-BA20-6C21A7F9C538}.Debug|Any CPU.Build.0 = Debug|Any CPU
		{BD004F96-0173-489C-BA20-6C21A7F9C538}.Release|Any CPU.ActiveCfg = Release|Any CPU
		{BD004F96-0173-489C-BA20-6C21A7F9C538}.Release|Any CPU.Build.0 = Release|Any CPU
		{7B40B739-18F8-4A40-A8EF-BA2758199092}.Debug|Any CPU.ActiveCfg = Debug|Any CPU
		{7B40B739-18F8-4A40-A8EF-BA2758199092}.Debug|Any CPU.Build.0 = Debug|Any CPU
		{7B40B739-18F8-4A40-A8EF-BA2758199092}.Release|Any CPU.ActiveCfg = Release|Any CPU
		{7B40B739-18F8-4A40-A8EF-BA2758199092}.Release|Any CPU.Build.0 = Release|Any CPU
		{E467E8FB-933C-4E2C-BC75-490B852464A8}.Debug|Any CPU.ActiveCfg = Debug|Any CPU
		{E467E8FB-933C-4E2C-BC75-490B852464A8}.Debug|Any CPU.Build.0 = Debug|Any CPU
		{E467E8FB-933C-4E2C-BC75-490B852464A8}.Release|Any CPU.ActiveCfg = Release|Any CPU
		{E467E8FB-933C-4E2C-BC75-490B852464A8}.Release|Any CPU.Build.0 = Release|Any CPU
		{84E06902-1D71-4F8F-9071-49CAFF3B8A05}.Debug|Any CPU.ActiveCfg = Debug|Any CPU
		{84E06902-1D71-4F8F-9071-49CAFF3B8A05}.Debug|Any CPU.Build.0 = Debug|Any CPU
		{84E06902-1D71-4F8F-9071-49CAFF3B8A05}.Release|Any CPU.ActiveCfg = Release|Any CPU
		{84E06902-1D71-4F8F-9071-49CAFF3B8A05}.Release|Any CPU.Build.0 = Release|Any CPU
		{6D6FE332-73A4-4F40-BE96-E720A6B83201}.Debug|Any CPU.ActiveCfg = Debug|Any CPU
		{6D6FE332-73A4-4F40-BE96-E720A6B83201}.Debug|Any CPU.Build.0 = Debug|Any CPU
		{6D6FE332-73A4-4F40-BE96-E720A6B83201}.Release|Any CPU.ActiveCfg = Release|Any CPU
		{6D6FE332-73A4-4F40-BE96-E720A6B83201}.Release|Any CPU.Build.0 = Release|Any CPU
		{12506F28-C416-4377-B23D-301CE0AA2E8C}.Debug|Any CPU.ActiveCfg = Debug|Any CPU
		{12506F28-C416-4377-B23D-301CE0AA2E8C}.Debug|Any CPU.Build.0 = Debug|Any CPU
		{12506F28-C416-4377-B23D-301CE0AA2E8C}.Release|Any CPU.ActiveCfg = Release|Any CPU
		{12506F28-C416-4377-B23D-301CE0AA2E8C}.Release|Any CPU.Build.0 = Release|Any CPU
		{8FE45FDB-47DC-48A8-ADA6-411A30FEF7BF}.Debug|Any CPU.ActiveCfg = Debug|Any CPU
		{8FE45FDB-47DC-48A8-ADA6-411A30FEF7BF}.Debug|Any CPU.Build.0 = Debug|Any CPU
		{8FE45FDB-47DC-48A8-ADA6-411A30FEF7BF}.Release|Any CPU.ActiveCfg = Release|Any CPU
		{8FE45FDB-47DC-48A8-ADA6-411A30FEF7BF}.Release|Any CPU.Build.0 = Release|Any CPU
		{899F17C1-2FB6-418E-A9BD-5613C563365E}.Debug|Any CPU.ActiveCfg = Debug|Any CPU
		{899F17C1-2FB6-418E-A9BD-5613C563365E}.Debug|Any CPU.Build.0 = Debug|Any CPU
		{899F17C1-2FB6-418E-A9BD-5613C563365E}.Release|Any CPU.ActiveCfg = Release|Any CPU
		{899F17C1-2FB6-418E-A9BD-5613C563365E}.Release|Any CPU.Build.0 = Release|Any CPU
		{7E6BBE19-D51D-4393-9BE9-1C4E5139CB74}.Debug|Any CPU.ActiveCfg = Debug|Any CPU
		{7E6BBE19-D51D-4393-9BE9-1C4E5139CB74}.Debug|Any CPU.Build.0 = Debug|Any CPU
		{7E6BBE19-D51D-4393-9BE9-1C4E5139CB74}.Release|Any CPU.ActiveCfg = Release|Any CPU
		{7E6BBE19-D51D-4393-9BE9-1C4E5139CB74}.Release|Any CPU.Build.0 = Release|Any CPU
		{B3EE451C-200D-4CC0-AEFA-1553892C825F}.Debug|Any CPU.ActiveCfg = Debug|Any CPU
		{B3EE451C-200D-4CC0-AEFA-1553892C825F}.Debug|Any CPU.Build.0 = Debug|Any CPU
		{B3EE451C-200D-4CC0-AEFA-1553892C825F}.Release|Any CPU.ActiveCfg = Release|Any CPU
		{B3EE451C-200D-4CC0-AEFA-1553892C825F}.Release|Any CPU.Build.0 = Release|Any CPU
		{478E52D9-1BA5-4852-B1CC-79D5B8382D87}.Debug|Any CPU.ActiveCfg = Debug|Any CPU
		{478E52D9-1BA5-4852-B1CC-79D5B8382D87}.Debug|Any CPU.Build.0 = Debug|Any CPU
		{478E52D9-1BA5-4852-B1CC-79D5B8382D87}.Release|Any CPU.ActiveCfg = Release|Any CPU
		{478E52D9-1BA5-4852-B1CC-79D5B8382D87}.Release|Any CPU.Build.0 = Release|Any CPU
		{D1C08C5C-9F59-41A9-9A7B-788377BC2B92}.Debug|Any CPU.ActiveCfg = Debug|Any CPU
		{D1C08C5C-9F59-41A9-9A7B-788377BC2B92}.Debug|Any CPU.Build.0 = Debug|Any CPU
		{D1C08C5C-9F59-41A9-9A7B-788377BC2B92}.Release|Any CPU.ActiveCfg = Release|Any CPU
		{D1C08C5C-9F59-41A9-9A7B-788377BC2B92}.Release|Any CPU.Build.0 = Release|Any CPU
		{4F9DFAC2-3F9D-4A89-94D8-5469DAD84610}.Debug|Any CPU.ActiveCfg = Debug|Any CPU
		{4F9DFAC2-3F9D-4A89-94D8-5469DAD84610}.Debug|Any CPU.Build.0 = Debug|Any CPU
		{4F9DFAC2-3F9D-4A89-94D8-5469DAD84610}.Release|Any CPU.ActiveCfg = Release|Any CPU
		{4F9DFAC2-3F9D-4A89-94D8-5469DAD84610}.Release|Any CPU.Build.0 = Release|Any CPU
		{F520E0B9-9EF7-4528-93FA-C182E8423F51}.Debug|Any CPU.ActiveCfg = Debug|Any CPU
		{F520E0B9-9EF7-4528-93FA-C182E8423F51}.Debug|Any CPU.Build.0 = Debug|Any CPU
		{F520E0B9-9EF7-4528-93FA-C182E8423F51}.Release|Any CPU.ActiveCfg = Release|Any CPU
		{F520E0B9-9EF7-4528-93FA-C182E8423F51}.Release|Any CPU.Build.0 = Release|Any CPU
		{1BC40A93-079B-48C4-B116-62C6B50C2FFC}.Debug|Any CPU.ActiveCfg = Debug|Any CPU
		{1BC40A93-079B-48C4-B116-62C6B50C2FFC}.Debug|Any CPU.Build.0 = Debug|Any CPU
		{1BC40A93-079B-48C4-B116-62C6B50C2FFC}.Release|Any CPU.ActiveCfg = Release|Any CPU
		{1BC40A93-079B-48C4-B116-62C6B50C2FFC}.Release|Any CPU.Build.0 = Release|Any CPU
		{D542FBDB-DFE1-46C2-8C4E-9A5643F3C401}.Debug|Any CPU.ActiveCfg = Debug|Any CPU
		{D542FBDB-DFE1-46C2-8C4E-9A5643F3C401}.Debug|Any CPU.Build.0 = Debug|Any CPU
		{D542FBDB-DFE1-46C2-8C4E-9A5643F3C401}.Release|Any CPU.ActiveCfg = Release|Any CPU
		{D542FBDB-DFE1-46C2-8C4E-9A5643F3C401}.Release|Any CPU.Build.0 = Release|Any CPU
	EndGlobalSection
EndGlobal
